
Microsoft Visual Studio Solution File, Format Version 12.00
# Visual Studio 15
VisualStudioVersion = 15.0.27428.2037
MinimumVisualStudioVersion = 10.0.40219.1
Project("{FAE04EC0-301F-11D3-BF4B-00C04F79EFBC}") = "CPRG214_Lab1", "CPRG214_Lab1\CPRG214_Lab1.csproj", "{20B5B525-48C1-4DBB-96B1-600BF1CD22CE}"
EndProject
Global
	GlobalSection(SolutionConfigurationPlatforms) = preSolution
		Debug|Any CPU = Debug|Any CPU
		Release|Any CPU = Release|Any CPU
	EndGlobalSection
	GlobalSection(ProjectConfigurationPlatforms) = postSolution
		{20B5B525-48C1-4DBB-96B1-600BF1CD22CE}.Debug|Any CPU.ActiveCfg = Debug|Any CPU
		{20B5B525-48C1-4DBB-96B1-600BF1CD22CE}.Debug|Any CPU.Build.0 = Debug|Any CPU
		{20B5B525-48C1-4DBB-96B1-600BF1CD22CE}.Release|Any CPU.ActiveCfg = Release|Any CPU
		{20B5B525-48C1-4DBB-96B1-600BF1CD22CE}.Release|Any CPU.Build.0 = Release|Any CPU
	EndGlobalSection
	GlobalSection(SolutionProperties) = preSolution
		HideSolutionNode = FALSE
	EndGlobalSection
	GlobalSection(ExtensibilityGlobals) = postSolution
		SolutionGuid = {19E437AA-F881-4234-AC57-28335EEBDF68}
	EndGlobalSection
EndGlobal
